
Microsoft Visual Studio Solution File, Format Version 12.00
# Visual Studio Version 16
VisualStudioVersion = 16.0.31129.286
MinimumVisualStudioVersion = 10.0.40219.1
Project("{FAE04EC0-301F-11D3-BF4B-00C04F79EFBC}") = "PostgresDatabaseCommunication", "PostgresDatabaseCommunication\PostgresDatabaseCommunication.csproj", "{126805C0-813A-4421-983E-FD8245551AF3}"
EndProject
Global
	GlobalSection(SolutionConfigurationPlatforms) = preSolution
		Debug|Any CPU = Debug|Any CPU
		Release|Any CPU = Release|Any CPU
	EndGlobalSection
	GlobalSection(ProjectConfigurationPlatforms) = postSolution
		{126805C0-813A-4421-983E-FD8245551AF3}.Debug|Any CPU.ActiveCfg = Debug|Any CPU
		{126805C0-813A-4421-983E-FD8245551AF3}.Debug|Any CPU.Build.0 = Debug|Any CPU
		{126805C0-813A-4421-983E-FD8245551AF3}.Release|Any CPU.ActiveCfg = Release|Any CPU
		{126805C0-813A-4421-983E-FD8245551AF3}.Release|Any CPU.Build.0 = Release|Any CPU
	EndGlobalSection
	GlobalSection(SolutionProperties) = preSolution
		HideSolutionNode = FALSE
	EndGlobalSection
	GlobalSection(ExtensibilityGlobals) = postSolution
		SolutionGuid = {0365DD6B-9C79-4C61-B701-EA637A8D5F59}
	EndGlobalSection
EndGlobal
